
Microsoft Visual Studio Solution File, Format Version 12.00
# Visual Studio 15
Project("{FAE04EC0-301F-11D3-BF4B-00C04F79EFBC}") = "Assembly-CSharp", "Assembly-CSharp.csproj", "{A346FDEA-E01D-7A28-8744-EFDE8079A882}"
EndProject
Project("{FAE04EC0-301F-11D3-BF4B-00C04F79EFBC}") = "Assembly-CSharp-Editor", "Assembly-CSharp-Editor.csproj", "{5EB7DCC6-91E0-9CE9-0B43-5E672E1AA8E3}"
EndProject
Global
	GlobalSection(SolutionConfigurationPlatforms) = preSolution
		Debug|Any CPU = Debug|Any CPU
		Release|Any CPU = Release|Any CPU
	EndGlobalSection
	GlobalSection(ProjectConfigurationPlatforms) = postSolution
		{A346FDEA-E01D-7A28-8744-EFDE8079A882}.Debug|Any CPU.ActiveCfg = Debug|Any CPU
		{A346FDEA-E01D-7A28-8744-EFDE8079A882}.Debug|Any CPU.Build.0 = Debug|Any CPU
		{A346FDEA-E01D-7A28-8744-EFDE8079A882}.Release|Any CPU.ActiveCfg = Release|Any CPU
		{A346FDEA-E01D-7A28-8744-EFDE8079A882}.Release|Any CPU.Build.0 = Release|Any CPU
		{5EB7DCC6-91E0-9CE9-0B43-5E672E1AA8E3}.Debug|Any CPU.ActiveCfg = Debug|Any CPU
		{5EB7DCC6-91E0-9CE9-0B43-5E672E1AA8E3}.Debug|Any CPU.Build.0 = Debug|Any CPU
		{5EB7DCC6-91E0-9CE9-0B43-5E672E1AA8E3}.Release|Any CPU.ActiveCfg = Release|Any CPU
		{5EB7DCC6-91E0-9CE9-0B43-5E672E1AA8E3}.Release|Any CPU.Build.0 = Release|Any CPU
	EndGlobalSection
	GlobalSection(SolutionProperties) = preSolution
		HideSolutionNode = FALSE
	EndGlobalSection
EndGlobal
